
Microsoft Visual Studio Solution File, Format Version 12.00
# Visual Studio Version 16
VisualStudioVersion = 25.0.1700.5
MinimumVisualStudioVersion = 10.0.40219.1
Project("{FAE04EC0-301F-11D3-BF4B-00C04F79EFBC}") = "MCircle", "MCircle\MCircle.csproj", "{4175FB42-B40A-4D60-915B-CC97BEB0D2D7}"
EndProject
Global
	GlobalSection(SolutionConfigurationPlatforms) = preSolution
		Debug|Any CPU = Debug|Any CPU
		Release|Any CPU = Release|Any CPU
	EndGlobalSection
	GlobalSection(ProjectConfigurationPlatforms) = postSolution
		{4175FB42-B40A-4D60-915B-CC97BEB0D2D7}.Debug|Any CPU.ActiveCfg = Debug|Any CPU
		{4175FB42-B40A-4D60-915B-CC97BEB0D2D7}.Debug|Any CPU.Build.0 = Debug|Any CPU
		{4175FB42-B40A-4D60-915B-CC97BEB0D2D7}.Release|Any CPU.ActiveCfg = Release|Any CPU
		{4175FB42-B40A-4D60-915B-CC97BEB0D2D7}.Release|Any CPU.Build.0 = Release|Any CPU
	EndGlobalSection
	GlobalSection(SolutionProperties) = preSolution
		HideSolutionNode = FALSE
	EndGlobalSection
	GlobalSection(ExtensibilityGlobals) = postSolution
		SolutionGuid = {D12FA098-4CCC-4832-944E-1DF45565D69D}
	EndGlobalSection
EndGlobal
